{
  "name": "my-project",
  "version": "1.0.0",
  "lockfileVersion": 3,
  "requires": true,
  "packages": {
    "": {
      "name": "my-project",
      "version": "1.0.0",
      "dependencies": {
        "my-project": "file:"
      }
    },
    "node_modules/my-project": {
      "resolved": "",
      "link": true
    }
  }
}
